
Microsoft Visual Studio Solution File, Format Version 12.00
# Visual Studio 15
VisualStudioVersion = 15.0.28307.1267
MinimumVisualStudioVersion = 10.0.40219.1
Project("{FAE04EC0-301F-11D3-BF4B-00C04F79EFBC}") = "Generic2", "Generic2\Generic2.csproj", "{322FB371-4A1C-48DA-B308-56342391E32F}"
EndProject
Project("{FAE04EC0-301F-11D3-BF4B-00C04F79EFBC}") = "Tests", "Tests\Tests.csproj", "{1A6CEAA8-E353-43B9-9EEA-3E5B34218676}"
EndProject
Global
	GlobalSection(SolutionConfigurationPlatforms) = preSolution
		Debug|Any CPU = Debug|Any CPU
		Release|Any CPU = Release|Any CPU
	EndGlobalSection
	GlobalSection(ProjectConfigurationPlatforms) = postSolution
		{322FB371-4A1C-48DA-B308-56342391E32F}.Debug|Any CPU.ActiveCfg = Debug|Any CPU
		{322FB371-4A1C-48DA-B308-56342391E32F}.Debug|Any CPU.Build.0 = Debug|Any CPU
		{322FB371-4A1C-48DA-B308-56342391E32F}.Release|Any CPU.ActiveCfg = Release|Any CPU
		{322FB371-4A1C-48DA-B308-56342391E32F}.Release|Any CPU.Build.0 = Release|Any CPU
		{1A6CEAA8-E353-43B9-9EEA-3E5B34218676}.Debug|Any CPU.ActiveCfg = Debug|Any CPU
		{1A6CEAA8-E353-43B9-9EEA-3E5B34218676}.Debug|Any CPU.Build.0 = Debug|Any CPU
		{1A6CEAA8-E353-43B9-9EEA-3E5B34218676}.Release|Any CPU.ActiveCfg = Release|Any CPU
		{1A6CEAA8-E353-43B9-9EEA-3E5B34218676}.Release|Any CPU.Build.0 = Release|Any CPU
	EndGlobalSection
	GlobalSection(SolutionProperties) = preSolution
		HideSolutionNode = FALSE
	EndGlobalSection
	GlobalSection(ExtensibilityGlobals) = postSolution
		SolutionGuid = {C7BC9529-8A37-48CC-8A16-987D47628FF0}
	EndGlobalSection
EndGlobal
